PODS:
  - AFNetworking (3.2.1):
    - AFNetworking/NSURLSession (= 3.2.1)
    - AFNetworking/Reachability (= 3.2.1)
    - AFNetworking/Security (= 3.2.1)
    - AFNetworking/Serialization (= 3.2.1)
    - AFNetworking/UIKit (= 3.2.1)
  - AFNetworking/NSURLSession (3.2.1):
    - AFNetworking/Reachability
    - AFNetworking/Security
    - AFNetworking/Serialization
  - AFNetworking/Reachability (3.2.1)
  - AFNetworking/Security (3.2.1)
  - AFNetworking/Serialization (3.2.1)
  - AFNetworking/UIKit (3.2.1):
    - AFNetworking/NSURLSession
  - Base64 (1.1.2)
  - Flutter (1.0.0)
  - FlutterPluginRegistrant (0.0.1):
    - Flutter
  - JSBadgeView (2.0.0)
  - my_flutter (0.0.1):
    - Flutter
  - SDWebImage (5.6.1):
    - SDWebImage/Core (= 5.6.1)
  - SDWebImage/Core (5.6.1)

DEPENDENCIES:
  - AFNetworking
  - Base64
  - Flutter (from `my_flutter/.ios/Flutter/engine`)
  - FlutterPluginRegistrant (from `my_flutter/.ios/Flutter/FlutterPluginRegistrant`)
  - JSBadgeView
  - my_flutter (from `my_flutter/.ios/Flutter`)
  - SDWebImage

SPEC REPOS:
  trunk:
    - AFNetworking
    - Base64
    - JSBadgeView
    - SDWebImage

EXTERNAL SOURCES:
  Flutter:
    :path: my_flutter/.ios/Flutter/engine
  FlutterPluginRegistrant:
    :path: my_flutter/.ios/Flutter/FlutterPluginRegistrant
  my_flutter:
    :path: my_flutter/.ios/Flutter

SPEC CHECKSUMS:
  AFNetworking: b6f891fdfaed196b46c7a83cf209e09697b94057
  Base64: cecfb41a004124895a7bcee567a89bae5a89d49b
  Flutter: 0e3d915762c693b495b44d77113d4970485de6ec
  FlutterPluginRegistrant: d59dd07dd90e9c6430996073575a5bd1ea19677e
  JSBadgeView: 3f5691b7d1bfacfb0237d0eb3b8b1f9a10ecb3f7
  my_flutter: c0ca42721b3297bc8d54e93782ac00730d3bd1a1
  SDWebImage: 7edb9c3ea661e77a66661f7f044de8c1b55d1120

PODFILE CHECKSUM: 453952bdefe0b962c35c47a231f06b3007539fb6

COCOAPODS: 1.9.1
